// !$*UTF8*$!
{
	archiveVersion = 1;
	classes = {
	};
	objectVersion = 77;
	objects = {

/* Begin PBXBuildFile section */
		00581E64F9851EF268C4A53B /* libHarnessDaemonCore.a in Frameworks */ = {isa = PBXBuildFile; fileRef = DC8B874CE39031F096488994 /* libHarnessDaemonCore.a */; };
		00D9494C7F45C06993EB9966 /* SurfaceRegistry.swift in Sources */ = {isa = PBXBuildFile; fileRef = B7118759DA679A27E5A64BDB /* SurfaceRegistry.swift */; };
		076308B3BD278A7808CC9C1C /* DaemonServer.swift in Sources */ = {isa = PBXBuildFile; fileRef = 5122A39E062976C92BBDDDB2 /* DaemonServer.swift */; };
		084B9F215A3A2B1600D90FDE /* DaemonLauncher.swift in Sources */ = {isa = PBXBuildFile; fileRef = 2025ED6B78DAA6996707D2F7 /* DaemonLauncher.swift */; };
		0D772C0B4881D5E7AC6F42B7 /* HarnessPathsTests.swift in Sources */ = {isa = PBXBuildFile; fileRef = F80D994CF018DFCF5AD804CA /* HarnessPathsTests.swift */; };
		0D8D0721B76EBA3EB7B1B3F3 /* HarnessCore in Frameworks */ = {isa = PBXBuildFile; productRef = 32902CD2E68758B2D54419A3 /* HarnessCore */; };
		0E7154409856F23688D27C57 /* HarnessTerminalKit in Frameworks */ = {isa = PBXBuildFile; productRef = 14F7B23ECA44355A7D38F50E /* HarnessTerminalKit */; };
		147C1684F38588D94A0677BF /* StatusLineView.swift in Sources */ = {isa = PBXBuildFile; fileRef = C91C2E3C2A8847B6A0514123 /* StatusLineView.swift */; };
		177E543CDFB5245D3B31E7D9 /* KeyTokenParserTests.swift in Sources */ = {isa = PBXBuildFile; fileRef = 1879413866654EAF88523A14 /* KeyTokenParserTests.swift */; };
		1C97FE1CA6848A0A30C9EB2F /* TestSupport.swift in Sources */ = {isa = PBXBuildFile; fileRef = F07A9707ED8F9BC6D22C1973 /* TestSupport.swift */; };
		1DA45B2E56169234852AF361 /* TerminalPaneRegistryAccess.swift in Sources */ = {isa = PBXBuildFile; fileRef = 57E7B54FEAA7751D104044B8 /* TerminalPaneRegistryAccess.swift */; };
		1DBF933D416158318D613FF2 /* HarnessTheme in Frameworks */ = {isa = PBXBuildFile; productRef = 95F708A1BFDB3CBC190CFCD9 /* HarnessTheme */; };
		1FEC3A2A3D056888051A94A3 /* FormatStringTests.swift in Sources */ = {isa = PBXBuildFile; fileRef = ED3F10448010DA860EE4CF70 /* FormatStringTests.swift */; };
		24D64B6C7D5B7E0AA33F103B /* HarnessChrome.swift in Sources */ = {isa = PBXBuildFile; fileRef = A75A61F63B71608690269266 /* HarnessChrome.swift */; };
		2724F1AF55170C3B00C74E93 /* GridCompositorTests.swift in Sources */ = {isa = PBXBuildFile; fileRef = B90CB5DF66664CE2A95C323F /* GridCompositorTests.swift */; };
		2A3B080F4B0F44733627AD4D /* DisplayPanesOverlay.swift in Sources */ = {isa = PBXBuildFile; fileRef = 26F2AD1D92779527F2E5F14A /* DisplayPanesOverlay.swift */; };
		309D6041940CA5663F7164C9 /* PasteBufferStoreTests.swift in Sources */ = {isa = PBXBuildFile; fileRef = F913A1FD23783BAACAB189B6 /* PasteBufferStoreTests.swift */; };
		3430064804A78854DB6766E5 /* HookFiringTests.swift in Sources */ = {isa = PBXBuildFile; fileRef = 5074E518A70BAD1B635A6B0A /* HookFiringTests.swift */; };
		38ED46EBAF81D35F3E683955 /* SurfaceRegistryTests.swift in Sources */ = {isa = PBXBuildFile; fileRef = A51ECCD77E8E2A9F4EC74E1C /* SurfaceRegistryTests.swift */; };
		3C7E2A84108B690A43D2E6DB /* WindowBlur.swift in Sources */ = {isa = PBXBuildFile; fileRef = 529595B70272EEEC10AF08E4 /* WindowBlur.swift */; };
		3E9AE1966905F6D3329046DD /* HarnessTheme in Frameworks */ = {isa = PBXBuildFile; productRef = 054C9F52E5E9B321AD3CFF2B /* HarnessTheme */; };
		41E1858FBC7BF6CBB35D113B /* KeybindingsService.swift in Sources */ = {isa = PBXBuildFile; fileRef = BE0A2339E287BD3F748E3103 /* KeybindingsService.swift */; };
		4562647C37E383D4146761CE /* AppDelegate.swift in Sources */ = {isa = PBXBuildFile; fileRef = 9FCE87BB453E378818ABDD29 /* AppDelegate.swift */; };
		45E2642BFD60553E6EA324C2 /* IPCCodecTests.swift in Sources */ = {isa = PBXBuildFile; fileRef = C695B1C26A7FA88933015EA9 /* IPCCodecTests.swift */; };
		462BFDEBB8E6FFEFF10D6894 /* MainExecutor.swift in Sources */ = {isa = PBXBuildFile; fileRef = C0BE46A5684BB96C3AA6A5B7 /* MainExecutor.swift */; };
		47102D21BF4044022C7ECC55 /* DaemonClientTests.swift in Sources */ = {isa = PBXBuildFile; fileRef = 95E00597E6EFB295BF2C5F30 /* DaemonClientTests.swift */; };
		4DC7CBA5BF35736A11DC6E09 /* SettingsViewController.swift in Sources */ = {isa = PBXBuildFile; fileRef = B3795E2DEFD632939D5189F1 /* SettingsViewController.swift */; };
		500DF187BF0BAC34536AD11D /* DaemonRoundTripTests.swift in Sources */ = {isa = PBXBuildFile; fileRef = 7CF685349756C2A772058EB5 /* DaemonRoundTripTests.swift */; };
		55E74BDC5032814D6C9B1FA2 /* HarnessTerminalKit in Frameworks */ = {isa = PBXBuildFile; productRef = 80A7F3466CEB9D469FDED468 /* HarnessTerminalKit */; };
		58E52895BE5D06F1AE5B3D10 /* AgentHookInstaller.swift in Sources */ = {isa = PBXBuildFile; fileRef = 76AA397BE8008BA4CC92865F /* AgentHookInstaller.swift */; };
		596F02748B0B7021508AC3EE /* main.swift in Sources */ = {isa = PBXBuildFile; fileRef = 5B7B1A021E55C4A6011748BE /* main.swift */; };
		5A68F3B2BD936068C04B9EAD /* HarnessCore in Frameworks */ = {isa = PBXBuildFile; productRef = F84CE2E92D80B7A9BDA443D8 /* HarnessCore */; };
		5B0C9250EA8AE2DF9037D1CF /* WindowAttachClient.swift in Sources */ = {isa = PBXBuildFile; fileRef = 810B898B2D70CB86701434A2 /* WindowAttachClient.swift */; };
		65F2B3A9B42810F01F1D7E85 /* MainSplitViewController.swift in Sources */ = {isa = PBXBuildFile; fileRef = 828CC6240A158B83682E2A30 /* MainSplitViewController.swift */; };
		69E1E0B522D02B059CFE5F6A /* CommandPromptController.swift in Sources */ = {isa = PBXBuildFile; fileRef = F3912417CC3E06CEA28B664B /* CommandPromptController.swift */; };
		7087A9FA512DCAF73C2D4C7B /* HarnessTerminalEngine in Frameworks */ = {isa = PBXBuildFile; productRef = 521BDAE274E325FC8B75908C /* HarnessTerminalEngine */; };
		77455A95D1E79921E852B7B0 /* NotificationBellButton.swift in Sources */ = {isa = PBXBuildFile; fileRef = 196C649521C73E076101AF6E /* NotificationBellButton.swift */; };
		78ADBD37C91092234B4E70DF /* DaemonCommandExecutor.swift in Sources */ = {isa = PBXBuildFile; fileRef = 90D14213F469AF001702450A /* DaemonCommandExecutor.swift */; };
		7ABFF597375885A493A8B65B /* AgentDetectorTests.swift in Sources */ = {isa = PBXBuildFile; fileRef = AA141FB5D0A682E459A41536 /* AgentDetectorTests.swift */; };
		7C73D9D9871DAC99CFB2B93B /* HarnessDesign.swift in Sources */ = {isa = PBXBuildFile; fileRef = 5844E35D84A5D77C31D27D62 /* HarnessDesign.swift */; };
		7E3196924A6440156FB0D05A /* HarnessCore in Frameworks */ = {isa = PBXBuildFile; productRef = 66F38C2DC62795B61205FDE7 /* HarnessCore */; };
		804A3771A3076AB070A9AD0E /* LiveTerminalPreview.swift in Sources */ = {isa = PBXBuildFile; fileRef = 9B3B01CAD90CA7510C90EB3F /* LiveTerminalPreview.swift */; };
		841686680E80EF781F32A7FF /* CommandParserTests.swift in Sources */ = {isa = PBXBuildFile; fileRef = F020335A72A6E59565B2702A /* CommandParserTests.swift */; };
		867C6FE3318AD28393C808F4 /* HarnessSidebarPanelViewController.swift in Sources */ = {isa = PBXBuildFile; fileRef = E904CB45A4390E27C46DA0BA /* HarnessSidebarPanelViewController.swift */; };
		87D58E072A730F252BF6BC74 /* HarnessCore in Frameworks */ = {isa = PBXBuildFile; productRef = 8A750F2173FD4FFF51B03D72 /* HarnessCore */; };
		87EB8777EA8043B7752985B8 /* SurfaceShellTracker.swift in Sources */ = {isa = PBXBuildFile; fileRef = 80A0FAADD0C7DE4496F9A776 /* SurfaceShellTracker.swift */; };
		8B1A56978E26C6722A72365F /* TerminalConfigImporterTests.swift in Sources */ = {isa = PBXBuildFile; fileRef = 275F951E6B2787DECD0F1C56 /* TerminalConfigImporterTests.swift */; };
		8C00D38E0430620212133366 /* Harness.icns in Resources */ = {isa = PBXBuildFile; fileRef = 9CBF9C616141AB5AFCF041D6 /* Harness.icns */; };
		91572F33CB49E6A8D9B8E691 /* CommandPaletteController.swift in Sources */ = {isa = PBXBuildFile; fileRef = 245FF7D7A3A8434F040E6812 /* CommandPaletteController.swift */; };
		920F928297C458ABDBEF88EC /* PaneRectSolverTests.swift in Sources */ = {isa = PBXBuildFile; fileRef = ECE940990023268131E49D65 /* PaneRectSolverTests.swift */; };
		935E07FA27015FDA59C248B3 /* Assets.xcassets in Resources */ = {isa = PBXBuildFile; fileRef = D745FE112DC4440236DABA22 /* Assets.xcassets */; };
		969DF05AF1093B44B62120CD /* TerminalTabBarView.swift in Sources */ = {isa = PBXBuildFile; fileRef = FB39A88BC9BC722B53472CB4 /* TerminalTabBarView.swift */; };
		96B5B80B9642C56442FC024D /* AboutPanelController.swift in Sources */ = {isa = PBXBuildFile; fileRef = 95A58F250B6A8AE811D9CE25 /* AboutPanelController.swift */; };
		9766BBA7CF5BF33018C0B13F /* Toast.swift in Sources */ = {isa = PBXBuildFile; fileRef = AC4C4E4331C8177B281FBD72 /* Toast.swift */; };
		999BB245D67A57F9DD1F6F14 /* EnvironmentStoreTests.swift in Sources */ = {isa = PBXBuildFile; fileRef = 8986DFF2824FC1BCF050FB78 /* EnvironmentStoreTests.swift */; };
		9A7D72AA4B97D201FA8C32FC /* HarnessCore in Frameworks */ = {isa = PBXBuildFile; productRef = F628D4A8E3A428009E22A230 /* HarnessCore */; };
		9C6DEF330BAF774917666A83 /* OnboardingController.swift in Sources */ = {isa = PBXBuildFile; fileRef = 86FAF41DBA8B11C7DD568780 /* OnboardingController.swift */; };
		9C6FEC7B00D967C393085051 /* ControlModeClient.swift in Sources */ = {isa = PBXBuildFile; fileRef = 98CBE789A0C0F314695D5D97 /* ControlModeClient.swift */; };
		9D85B25DAE578F41F445768E /* NotificationDropdownPanel.swift in Sources */ = {isa = PBXBuildFile; fileRef = CA12DE19711C76D4DAF36509 /* NotificationDropdownPanel.swift */; };
		A1A68DC98F92D08EEE267F72 /* AttachClient.swift in Sources */ = {isa = PBXBuildFile; fileRef = DF3E79EFC3E74BAE469D8CA0 /* AttachClient.swift */; };
		A284F16041A5DCFDB4AD94F4 /* MainMenuBuilder.swift in Sources */ = {isa = PBXBuildFile; fileRef = 48EBC3C7A2C25776245FBF88 /* MainMenuBuilder.swift */; };
		A51A188E5E8ECAED8981811C /* KeyRecorderView.swift in Sources */ = {isa = PBXBuildFile; fileRef = 41D469BFCF05F3CDA66D3777 /* KeyRecorderView.swift */; };
		AC246DC4CD09B78E19D44A55 /* ContentAreaViewController.swift in Sources */ = {isa = PBXBuildFile; fileRef = 5A0B5969E6A4582978144B11 /* ContentAreaViewController.swift */; };
		B014F73FB60BD336C0A05CF7 /* SessionEditorTests.swift in Sources */ = {isa = PBXBuildFile; fileRef = C98251A71A00B4D1AAD8859A /* SessionEditorTests.swift */; };
		B1F6ECDB149DB71FFC5E390B /* HarnessSettingsTests.swift in Sources */ = {isa = PBXBuildFile; fileRef = 33CC50B5E96F7A36C8B559D0 /* HarnessSettingsTests.swift */; };
		B21549FEB0B782423E9BC7D8 /* RealPty.swift in Sources */ = {isa = PBXBuildFile; fileRef = F43DED9291885610DB352103 /* RealPty.swift */; };
		C11FABE95034E5FF1967A348 /* main.swift in Sources */ = {isa = PBXBuildFile; fileRef = 82BEC3CB7B1286D6CCDE1A1D /* main.swift */; };
		C8D8E22B16FC1B7A15009E29 /* PrefixKeymap.swift in Sources */ = {isa = PBXBuildFile; fileRef = E87D766FA02E02860C0BAC11 /* PrefixKeymap.swift */; };
		CD1734C04213D881E6A943EA /* MainWindowController.swift in Sources */ = {isa = PBXBuildFile; fileRef = D798A050D3824B4FEA80EA3A /* MainWindowController.swift */; };
		CE5C2E7B22E27C60899113B6 /* AgentScanner.swift in Sources */ = {isa = PBXBuildFile; fileRef = 3AF4631CE23460A1A0A4BEC4 /* AgentScanner.swift */; };
		CEB9B54163AB73D20D84FC59 /* RealPtyLifecycleTests.swift in Sources */ = {isa = PBXBuildFile; fileRef = 7143B9A4AFB1E19A4836A27B /* RealPtyLifecycleTests.swift */; };
		D45EFB29397B90EF2E46C35D /* CLIInstaller.swift in Sources */ = {isa = PBXBuildFile; fileRef = 5A9C10A4B52FB83548EAC0F3 /* CLIInstaller.swift */; };
		DA2D4A06C95D60F7ECE577C1 /* Phase67UI.swift in Sources */ = {isa = PBXBuildFile; fileRef = 93B6EE4051D1702BE7F6D1AC /* Phase67UI.swift */; };
		DBDA5C22F9B1EC5F6B0F170B /* HarnessTerminalEngine in Frameworks */ = {isa = PBXBuildFile; productRef = 71AA2E606C228A77FE9CB2A7 /* HarnessTerminalEngine */; };
		E90605C2B7F2EDE9C662D9D0 /* Phase67Tests.swift in Sources */ = {isa = PBXBuildFile; fileRef = 0711E05B3BE71410054E6BEE /* Phase67Tests.swift */; };
		EA3D4454CC7EEF45E59580C9 /* HarnessCore in Frameworks */ = {isa = PBXBuildFile; productRef = 15F6BDB0D66F28E216C388F0 /* HarnessCore */; };
		EED030532736CB6CEC4FE5BA /* SessionEditorPhase4Tests.swift in Sources */ = {isa = PBXBuildFile; fileRef = 29418A46AB7F4FBE7BF700DF /* SessionEditorPhase4Tests.swift */; };
		EF299CDAF4F68357FE3BEC21 /* ShellLaunchProfileTests.swift in Sources */ = {isa = PBXBuildFile; fileRef = E8302E3F990CA380E0BEBB7A /* ShellLaunchProfileTests.swift */; };
		F0CA4861C2391275B78EE407 /* TerminalPaneRegistry.swift in Sources */ = {isa = PBXBuildFile; fileRef = 80A91E1D93736399B7C16CA5 /* TerminalPaneRegistry.swift */; };
		F156745706F96098AB9D185A /* CommandIPCTranslatorTests.swift in Sources */ = {isa = PBXBuildFile; fileRef = 036B746E8E08D842C7E96A4F /* CommandIPCTranslatorTests.swift */; };
		F1A7E304D300722E1C1E8DE8 /* libHarnessDaemonCore.a in Frameworks */ = {isa = PBXBuildFile; fileRef = DC8B874CE39031F096488994 /* libHarnessDaemonCore.a */; };
		F39A7823485432B3D8A18A7F /* KeyTableTests.swift in Sources */ = {isa = PBXBuildFile; fileRef = 42A46C9D61AB68EF00510185 /* KeyTableTests.swift */; };
		F401E3145C5FA51DCA252ADC /* CopyModeViewController.swift in Sources */ = {isa = PBXBuildFile; fileRef = 8B7C43306820D5F770A02CBE /* CopyModeViewController.swift */; };
		F51258DADC262CFAFCC9F7AB /* HarnessCLI.swift in Sources */ = {isa = PBXBuildFile; fileRef = 41B78BE3F3AF6A844038EF95 /* HarnessCLI.swift */; };
		F63AA674E614B27B234B1ECC /* SessionCoordinator.swift in Sources */ = {isa = PBXBuildFile; fileRef = B8A2D8F06287D6DB6C5606FE /* SessionCoordinator.swift */; };
		FA8BDF893A6EB2781A21B2C8 /* HarnessTerminalKit in Frameworks */ = {isa = PBXBuildFile; productRef = 0C48BB6BE591F289927C480C /* HarnessTerminalKit */; };
		FF14076D45F23530910D177B /* LaunchAgentInstallerTests.swift in Sources */ = {isa = PBXBuildFile; fileRef = FF40CE61E1B2BA4AB5600378 /* LaunchAgentInstallerTests.swift */; };
/* End PBXBuildFile section */

/* Begin PBXContainerItemProxy section */
		25CD4238161DC7587B217954 /* PBXContainerItemProxy */ = {
			isa = PBXContainerItemProxy;
			containerPortal = 632666F4A8537121A1E942DC /* Project object */;
			proxyType = 1;
			remoteGlobalIDString = 4214C123697823C4FC5E5AB3;
			remoteInfo = HarnessDaemonCore;
		};
		4B23C9B6A5B2DA2CEFBFF051 /* PBXContainerItemProxy */ = {
			isa = PBXContainerItemProxy;
			containerPortal = 632666F4A8537121A1E942DC /* Project object */;
			proxyType = 1;
			remoteGlobalIDString = A4D21E44C70DD15E3B8B4194;
			remoteInfo = HarnessDaemon;
		};
		72B403AB379BC5750E53DB2D /* PBXContainerItemProxy */ = {
			isa = PBXContainerItemProxy;
			containerPortal = 632666F4A8537121A1E942DC /* Project object */;
			proxyType = 1;
			remoteGlobalIDString = 4214C123697823C4FC5E5AB3;
			remoteInfo = HarnessDaemonCore;
		};
		8B4872215995DCB0862CC672 /* PBXContainerItemProxy */ = {
			isa = PBXContainerItemProxy;
			containerPortal = 632666F4A8537121A1E942DC /* Project object */;
			proxyType = 1;
			remoteGlobalIDString = E313A7ED2B31E72C3B248DB0;
			remoteInfo = "harness-cli";
		};
/* End PBXContainerItemProxy section */

/* Begin PBXFileReference section */
		02041E627641793E108CE8CF /* HarnessDaemonTests.xctest */ = {isa = PBXFileReference; explicitFileType = wrapper.cfbundle; includeInIndex = 0; path = HarnessDaemonTests.xctest; sourceTree = BUILT_PRODUCTS_DIR; };
		036B746E8E08D842C7E96A4F /* CommandIPCTranslatorTests.swift */ = {isa = PBXFileReference; lastKnownFileType = sourcecode.swift; path = CommandIPCTranslatorTests.swift; sourceTree = "<group>"; };
		0711E05B3BE71410054E6BEE /* Phase67Tests.swift */ = {isa = PBXFileReference; lastKnownFileType = sourcecode.swift; path = Phase67Tests.swift; sourceTree = "<group>"; };
		1879413866654EAF88523A14 /* KeyTokenParserTests.swift */ = {isa = PBXFileReference; lastKnownFileType = sourcecode.swift; path = KeyTokenParserTests.swift; sourceTree = "<group>"; };
		196C649521C73E076101AF6E /* NotificationBellButton.swift */ = {isa = PBXFileReference; lastKnownFileType = sourcecode.swift; path = NotificationBellButton.swift; sourceTree = "<group>"; };
		2025ED6B78DAA6996707D2F7 /* DaemonLauncher.swift */ = {isa = PBXFileReference; lastKnownFileType = sourcecode.swift; path = DaemonLauncher.swift; sourceTree = "<group>"; };
		245FF7D7A3A8434F040E6812 /* CommandPaletteController.swift */ = {isa = PBXFileReference; lastKnownFileType = sourcecode.swift; path = CommandPaletteController.swift; sourceTree = "<group>"; };
		26F2AD1D92779527F2E5F14A /* DisplayPanesOverlay.swift */ = {isa = PBXFileReference; lastKnownFileType = sourcecode.swift; path = DisplayPanesOverlay.swift; sourceTree = "<group>"; };
		275F951E6B2787DECD0F1C56 /* TerminalConfigImporterTests.swift */ = {isa = PBXFileReference; lastKnownFileType = sourcecode.swift; path = TerminalConfigImporterTests.swift; sourceTree = "<group>"; };
		29418A46AB7F4FBE7BF700DF /* SessionEditorPhase4Tests.swift */ = {isa = PBXFileReference; lastKnownFileType = sourcecode.swift; path = SessionEditorPhase4Tests.swift; sourceTree = "<group>"; };
		33CC50B5E96F7A36C8B559D0 /* HarnessSettingsTests.swift */ = {isa = PBXFileReference; lastKnownFileType = sourcecode.swift; path = HarnessSettingsTests.swift; sourceTree = "<group>"; };
		3AF4631CE23460A1A0A4BEC4 /* AgentScanner.swift */ = {isa = PBXFileReference; lastKnownFileType = sourcecode.swift; path = AgentScanner.swift; sourceTree = "<group>"; };
		41B78BE3F3AF6A844038EF95 /* HarnessCLI.swift */ = {isa = PBXFileReference; lastKnownFileType = sourcecode.swift; path = HarnessCLI.swift; sourceTree = "<group>"; };
		41D469BFCF05F3CDA66D3777 /* KeyRecorderView.swift */ = {isa = PBXFileReference; lastKnownFileType = sourcecode.swift; path = KeyRecorderView.swift; sourceTree = "<group>"; };
		42A46C9D61AB68EF00510185 /* KeyTableTests.swift */ = {isa = PBXFileReference; lastKnownFileType = sourcecode.swift; path = KeyTableTests.swift; sourceTree = "<group>"; };
		48EBC3C7A2C25776245FBF88 /* MainMenuBuilder.swift */ = {isa = PBXFileReference; lastKnownFileType = sourcecode.swift; path = MainMenuBuilder.swift; sourceTree = "<group>"; };
		5074E518A70BAD1B635A6B0A /* HookFiringTests.swift */ = {isa = PBXFileReference; lastKnownFileType = sourcecode.swift; path = HookFiringTests.swift; sourceTree = "<group>"; };
		5122A39E062976C92BBDDDB2 /* DaemonServer.swift */ = {isa = PBXFileReference; lastKnownFileType = sourcecode.swift; path = DaemonServer.swift; sourceTree = "<group>"; };
		529595B70272EEEC10AF08E4 /* WindowBlur.swift */ = {isa = PBXFileReference; lastKnownFileType = sourcecode.swift; path = WindowBlur.swift; sourceTree = "<group>"; };
		57E7B54FEAA7751D104044B8 /* TerminalPaneRegistryAccess.swift */ = {isa = PBXFileReference; lastKnownFileType = sourcecode.swift; path = TerminalPaneRegistryAccess.swift; sourceTree = "<group>"; };
		5844E35D84A5D77C31D27D62 /* HarnessDesign.swift */ = {isa = PBXFileReference; lastKnownFileType = sourcecode.swift; path = HarnessDesign.swift; sourceTree = "<group>"; };
		5A0B5969E6A4582978144B11 /* ContentAreaViewController.swift */ = {isa = PBXFileReference; lastKnownFileType = sourcecode.swift; path = ContentAreaViewController.swift; sourceTree = "<group>"; };
		5A9C10A4B52FB83548EAC0F3 /* CLIInstaller.swift */ = {isa = PBXFileReference; lastKnownFileType = sourcecode.swift; path = CLIInstaller.swift; sourceTree = "<group>"; };
		5B7B1A021E55C4A6011748BE /* main.swift */ = {isa = PBXFileReference; lastKnownFileType = sourcecode.swift; path = main.swift; sourceTree = "<group>"; };
		5D03D1B79D7AB24A7C1F5761 /* HarnessTerminalKitTests.xctest */ = {isa = PBXFileReference; explicitFileType = wrapper.cfbundle; includeInIndex = 0; path = HarnessTerminalKitTests.xctest; sourceTree = BUILT_PRODUCTS_DIR; };
		6073446BC56474B4DF0797FB /* harness-cli */ = {isa = PBXFileReference; lastKnownFileType = folder; name = "harness-cli"; path = .; sourceTree = SOURCE_ROOT; };
		7143B9A4AFB1E19A4836A27B /* RealPtyLifecycleTests.swift */ = {isa = PBXFileReference; lastKnownFileType = sourcecode.swift; path = RealPtyLifecycleTests.swift; sourceTree = "<group>"; };
		76AA397BE8008BA4CC92865F /* AgentHookInstaller.swift */ = {isa = PBXFileReference; lastKnownFileType = sourcecode.swift; path = AgentHookInstaller.swift; sourceTree = "<group>"; };
		79A1AD65F04E24EFEC4E4AC7 /* Info.plist */ = {isa = PBXFileReference; lastKnownFileType = text.plist; path = Info.plist; sourceTree = "<group>"; };
		7CF685349756C2A772058EB5 /* DaemonRoundTripTests.swift */ = {isa = PBXFileReference; lastKnownFileType = sourcecode.swift; path = DaemonRoundTripTests.swift; sourceTree = "<group>"; };
		80A0FAADD0C7DE4496F9A776 /* SurfaceShellTracker.swift */ = {isa = PBXFileReference; lastKnownFileType = sourcecode.swift; path = SurfaceShellTracker.swift; sourceTree = "<group>"; };
		80A91E1D93736399B7C16CA5 /* TerminalPaneRegistry.swift */ = {isa = PBXFileReference; lastKnownFileType = sourcecode.swift; path = TerminalPaneRegistry.swift; sourceTree = "<group>"; };
		810B898B2D70CB86701434A2 /* WindowAttachClient.swift */ = {isa = PBXFileReference; lastKnownFileType = sourcecode.swift; path = WindowAttachClient.swift; sourceTree = "<group>"; };
		828CC6240A158B83682E2A30 /* MainSplitViewController.swift */ = {isa = PBXFileReference; lastKnownFileType = sourcecode.swift; path = MainSplitViewController.swift; sourceTree = "<group>"; };
		82BEC3CB7B1286D6CCDE1A1D /* main.swift */ = {isa = PBXFileReference; lastKnownFileType = sourcecode.swift; path = main.swift; sourceTree = "<group>"; };
		86FAF41DBA8B11C7DD568780 /* OnboardingController.swift */ = {isa = PBXFileReference; lastKnownFileType = sourcecode.swift; path = OnboardingController.swift; sourceTree = "<group>"; };
		8986DFF2824FC1BCF050FB78 /* EnvironmentStoreTests.swift */ = {isa = PBXFileReference; lastKnownFileType = sourcecode.swift; path = EnvironmentStoreTests.swift; sourceTree = "<group>"; };
		8B7C43306820D5F770A02CBE /* CopyModeViewController.swift */ = {isa = PBXFileReference; lastKnownFileType = sourcecode.swift; path = CopyModeViewController.swift; sourceTree = "<group>"; };
		90D14213F469AF001702450A /* DaemonCommandExecutor.swift */ = {isa = PBXFileReference; lastKnownFileType = sourcecode.swift; path = DaemonCommandExecutor.swift; sourceTree = "<group>"; };
		93B6EE4051D1702BE7F6D1AC /* Phase67UI.swift */ = {isa = PBXFileReference; lastKnownFileType = sourcecode.swift; path = Phase67UI.swift; sourceTree = "<group>"; };
		95A58F250B6A8AE811D9CE25 /* AboutPanelController.swift */ = {isa = PBXFileReference; lastKnownFileType = sourcecode.swift; path = AboutPanelController.swift; sourceTree = "<group>"; };
		95E00597E6EFB295BF2C5F30 /* DaemonClientTests.swift */ = {isa = PBXFileReference; lastKnownFileType = sourcecode.swift; path = DaemonClientTests.swift; sourceTree = "<group>"; };
		96666DF423052B344FF603A4 /* HarnessDaemon */ = {isa = PBXFileReference; includeInIndex = 0; path = HarnessDaemon; sourceTree = BUILT_PRODUCTS_DIR; };
		98CBE789A0C0F314695D5D97 /* ControlModeClient.swift */ = {isa = PBXFileReference; lastKnownFileType = sourcecode.swift; path = ControlModeClient.swift; sourceTree = "<group>"; };
		9B3B01CAD90CA7510C90EB3F /* LiveTerminalPreview.swift */ = {isa = PBXFileReference; lastKnownFileType = sourcecode.swift; path = LiveTerminalPreview.swift; sourceTree = "<group>"; };
		9CBF9C616141AB5AFCF041D6 /* Harness.icns */ = {isa = PBXFileReference; lastKnownFileType = image.icns; path = Harness.icns; sourceTree = "<group>"; };
		9FCE87BB453E378818ABDD29 /* AppDelegate.swift */ = {isa = PBXFileReference; lastKnownFileType = sourcecode.swift; path = AppDelegate.swift; sourceTree = "<group>"; };
		A51ECCD77E8E2A9F4EC74E1C /* SurfaceRegistryTests.swift */ = {isa = PBXFileReference; lastKnownFileType = sourcecode.swift; path = SurfaceRegistryTests.swift; sourceTree = "<group>"; };
		A75A61F63B71608690269266 /* HarnessChrome.swift */ = {isa = PBXFileReference; lastKnownFileType = sourcecode.swift; path = HarnessChrome.swift; sourceTree = "<group>"; };
		AA141FB5D0A682E459A41536 /* AgentDetectorTests.swift */ = {isa = PBXFileReference; lastKnownFileType = sourcecode.swift; path = AgentDetectorTests.swift; sourceTree = "<group>"; };
		AC4C4E4331C8177B281FBD72 /* Toast.swift */ = {isa = PBXFileReference; lastKnownFileType = sourcecode.swift; path = Toast.swift; sourceTree = "<group>"; };
		B3795E2DEFD632939D5189F1 /* SettingsViewController.swift */ = {isa = PBXFileReference; lastKnownFileType = sourcecode.swift; path = SettingsViewController.swift; sourceTree = "<group>"; };
		B7118759DA679A27E5A64BDB /* SurfaceRegistry.swift */ = {isa = PBXFileReference; lastKnownFileType = sourcecode.swift; path = SurfaceRegistry.swift; sourceTree = "<group>"; };
		B8A2D8F06287D6DB6C5606FE /* SessionCoordinator.swift */ = {isa = PBXFileReference; lastKnownFileType = sourcecode.swift; path = SessionCoordinator.swift; sourceTree = "<group>"; };
		B90CB5DF66664CE2A95C323F /* GridCompositorTests.swift */ = {isa = PBXFileReference; lastKnownFileType = sourcecode.swift; path = GridCompositorTests.swift; sourceTree = "<group>"; };
		BE0A2339E287BD3F748E3103 /* KeybindingsService.swift */ = {isa = PBXFileReference; lastKnownFileType = sourcecode.swift; path = KeybindingsService.swift; sourceTree = "<group>"; };
		C0BE46A5684BB96C3AA6A5B7 /* MainExecutor.swift */ = {isa = PBXFileReference; lastKnownFileType = sourcecode.swift; path = MainExecutor.swift; sourceTree = "<group>"; };
		C68624531DAE21EAC9C8BA95 /* harness-cli */ = {isa = PBXFileReference; includeInIndex = 0; path = "harness-cli"; sourceTree = BUILT_PRODUCTS_DIR; };
		C695B1C26A7FA88933015EA9 /* IPCCodecTests.swift */ = {isa = PBXFileReference; lastKnownFileType = sourcecode.swift; path = IPCCodecTests.swift; sourceTree = "<group>"; };
		C91C2E3C2A8847B6A0514123 /* StatusLineView.swift */ = {isa = PBXFileReference; lastKnownFileType = sourcecode.swift; path = StatusLineView.swift; sourceTree = "<group>"; };
		C98251A71A00B4D1AAD8859A /* SessionEditorTests.swift */ = {isa = PBXFileReference; lastKnownFileType = sourcecode.swift; path = SessionEditorTests.swift; sourceTree = "<group>"; };
		CA12DE19711C76D4DAF36509 /* NotificationDropdownPanel.swift */ = {isa = PBXFileReference; lastKnownFileType = sourcecode.swift; path = NotificationDropdownPanel.swift; sourceTree = "<group>"; };
		D3E473950CF7C898DE998767 /* Harness.app */ = {isa = PBXFileReference; explicitFileType = wrapper.application; includeInIndex = 0; path = Harness.app; sourceTree = BUILT_PRODUCTS_DIR; };
		D745FE112DC4440236DABA22 /* Assets.xcassets */ = {isa = PBXFileReference; lastKnownFileType = folder.assetcatalog; path = Assets.xcassets; sourceTree = "<group>"; };
		D798A050D3824B4FEA80EA3A /* MainWindowController.swift */ = {isa = PBXFileReference; lastKnownFileType = sourcecode.swift; path = MainWindowController.swift; sourceTree = "<group>"; };
		DC8B874CE39031F096488994 /* libHarnessDaemonCore.a */ = {isa = PBXFileReference; explicitFileType = archive.ar; includeInIndex = 0; path = libHarnessDaemonCore.a; sourceTree = BUILT_PRODUCTS_DIR; };
		DF3E79EFC3E74BAE469D8CA0 /* AttachClient.swift */ = {isa = PBXFileReference; lastKnownFileType = sourcecode.swift; path = AttachClient.swift; sourceTree = "<group>"; };
		E8302E3F990CA380E0BEBB7A /* ShellLaunchProfileTests.swift */ = {isa = PBXFileReference; lastKnownFileType = sourcecode.swift; path = ShellLaunchProfileTests.swift; sourceTree = "<group>"; };
		E87D766FA02E02860C0BAC11 /* PrefixKeymap.swift */ = {isa = PBXFileReference; lastKnownFileType = sourcecode.swift; path = PrefixKeymap.swift; sourceTree = "<group>"; };
		E904CB45A4390E27C46DA0BA /* HarnessSidebarPanelViewController.swift */ = {isa = PBXFileReference; lastKnownFileType = sourcecode.swift; path = HarnessSidebarPanelViewController.swift; sourceTree = "<group>"; };
		ECE940990023268131E49D65 /* PaneRectSolverTests.swift */ = {isa = PBXFileReference; lastKnownFileType = sourcecode.swift; path = PaneRectSolverTests.swift; sourceTree = "<group>"; };
		ED3F10448010DA860EE4CF70 /* FormatStringTests.swift */ = {isa = PBXFileReference; lastKnownFileType = sourcecode.swift; path = FormatStringTests.swift; sourceTree = "<group>"; };
		F020335A72A6E59565B2702A /* CommandParserTests.swift */ = {isa = PBXFileReference; lastKnownFileType = sourcecode.swift; path = CommandParserTests.swift; sourceTree = "<group>"; };
		F07A9707ED8F9BC6D22C1973 /* TestSupport.swift */ = {isa = PBXFileReference; lastKnownFileType = sourcecode.swift; path = TestSupport.swift; sourceTree = "<group>"; };
		F3912417CC3E06CEA28B664B /* CommandPromptController.swift */ = {isa = PBXFileReference; lastKnownFileType = sourcecode.swift; path = CommandPromptController.swift; sourceTree = "<group>"; };
		F43DED9291885610DB352103 /* RealPty.swift */ = {isa = PBXFileReference; lastKnownFileType = sourcecode.swift; path = RealPty.swift; sourceTree = "<group>"; };
		F65E988F7DC60DB925F1D00E /* HarnessCoreTests.xctest */ = {isa = PBXFileReference; explicitFileType = wrapper.cfbundle; includeInIndex = 0; path = HarnessCoreTests.xctest; sourceTree = BUILT_PRODUCTS_DIR; };
		F80D994CF018DFCF5AD804CA /* HarnessPathsTests.swift */ = {isa = PBXFileReference; lastKnownFileType = sourcecode.swift; path = HarnessPathsTests.swift; sourceTree = "<group>"; };
		F913A1FD23783BAACAB189B6 /* PasteBufferStoreTests.swift */ = {isa = PBXFileReference; lastKnownFileType = sourcecode.swift; path = PasteBufferStoreTests.swift; sourceTree = "<group>"; };
		FB39A88BC9BC722B53472CB4 /* TerminalTabBarView.swift */ = {isa = PBXFileReference; lastKnownFileType = sourcecode.swift; path = TerminalTabBarView.swift; sourceTree = "<group>"; };
		FF40CE61E1B2BA4AB5600378 /* LaunchAgentInstallerTests.swift */ = {isa = PBXFileReference; lastKnownFileType = sourcecode.swift; path = LaunchAgentInstallerTests.swift; sourceTree = "<group>"; };
/* End PBXFileReference section */

/* Begin PBXFrameworksBuildPhase section */
		0E7D88B91EFDBB3ADC6C5929 /* Frameworks */ = {
			isa = PBXFrameworksBuildPhase;
			buildActionMask = 2147483647;
			files = (
				7E3196924A6440156FB0D05A /* HarnessCore in Frameworks */,
			);
			runOnlyForDeploymentPostprocessing = 0;
		};
		2776770EC48BF8BC8A8F325A /* Frameworks */ = {
			isa = PBXFrameworksBuildPhase;
			buildActionMask = 2147483647;
			files = (
				F1A7E304D300722E1C1E8DE8 /* libHarnessDaemonCore.a in Frameworks */,
				EA3D4454CC7EEF45E59580C9 /* HarnessCore in Frameworks */,
			);
			runOnlyForDeploymentPostprocessing = 0;
		};
		9A9B79C5D81BB1CB904B43C1 /* Frameworks */ = {
			isa = PBXFrameworksBuildPhase;
			buildActionMask = 2147483647;
			files = (
				9A7D72AA4B97D201FA8C32FC /* HarnessCore in Frameworks */,
				DBDA5C22F9B1EC5F6B0F170B /* HarnessTerminalEngine in Frameworks */,
				0E7154409856F23688D27C57 /* HarnessTerminalKit in Frameworks */,
			);
			runOnlyForDeploymentPostprocessing = 0;
		};
		A6E5B359BDD071A86F1A851D /* Frameworks */ = {
			isa = PBXFrameworksBuildPhase;
			buildActionMask = 2147483647;
			files = (
				00581E64F9851EF268C4A53B /* libHarnessDaemonCore.a in Frameworks */,
				0D8D0721B76EBA3EB7B1B3F3 /* HarnessCore in Frameworks */,
			);
			runOnlyForDeploymentPostprocessing = 0;
		};
		A763B29333B7AC59D408DA94 /* Frameworks */ = {
			isa = PBXFrameworksBuildPhase;
			buildActionMask = 2147483647;
			files = (
				5A68F3B2BD936068C04B9EAD /* HarnessCore in Frameworks */,
				7087A9FA512DCAF73C2D4C7B /* HarnessTerminalEngine in Frameworks */,
				FA8BDF893A6EB2781A21B2C8 /* HarnessTerminalKit in Frameworks */,
				3E9AE1966905F6D3329046DD /* HarnessTheme in Frameworks */,
			);
			runOnlyForDeploymentPostprocessing = 0;
		};
		CD0891400EC7CA3E7DCB88CF /* Frameworks */ = {
			isa = PBXFrameworksBuildPhase;
			buildActionMask = 2147483647;
			files = (
				87D58E072A730F252BF6BC74 /* HarnessCore in Frameworks */,
				55E74BDC5032814D6C9B1FA2 /* HarnessTerminalKit in Frameworks */,
				1DBF933D416158318D613FF2 /* HarnessTheme in Frameworks */,
			);
			runOnlyForDeploymentPostprocessing = 0;
		};
/* End PBXFrameworksBuildPhase section */

/* Begin PBXGroup section */
		0715F402F220DE76F1AE98ED /* HarnessDaemonMain */ = {
			isa = PBXGroup;
			children = (
				82BEC3CB7B1286D6CCDE1A1D /* main.swift */,
			);
			path = HarnessDaemonMain;
			sourceTree = "<group>";
		};
		110A2B44B81DF76896EEF5AD /* HarnessDaemon */ = {
			isa = PBXGroup;
			children = (
				3E4CD8E951AA606D0FB7B082 /* Sources */,
			);
			path = HarnessDaemon;
			sourceTree = "<group>";
		};
		132598AA132E845434EFA1B9 /* harness */ = {
			isa = PBXGroup;
			children = (
				150522668BFD7238D6C8EE4E /* Sources */,
			);
			path = harness;
			sourceTree = "<group>";
		};
		150522668BFD7238D6C8EE4E /* Sources */ = {
			isa = PBXGroup;
			children = (
				345A279F96D9E2F0ABB94E30 /* HarnessCLI */,
			);
			path = Sources;
			sourceTree = "<group>";
		};
		1626DE9F33DAE4E7F7E80297 /* UI */ = {
			isa = PBXGroup;
			children = (
				95A58F250B6A8AE811D9CE25 /* AboutPanelController.swift */,
				245FF7D7A3A8434F040E6812 /* CommandPaletteController.swift */,
				F3912417CC3E06CEA28B664B /* CommandPromptController.swift */,
				5A0B5969E6A4582978144B11 /* ContentAreaViewController.swift */,
				8B7C43306820D5F770A02CBE /* CopyModeViewController.swift */,
				26F2AD1D92779527F2E5F14A /* DisplayPanesOverlay.swift */,
				A75A61F63B71608690269266 /* HarnessChrome.swift */,
				5844E35D84A5D77C31D27D62 /* HarnessDesign.swift */,
				E904CB45A4390E27C46DA0BA /* HarnessSidebarPanelViewController.swift */,
				48EBC3C7A2C25776245FBF88 /* MainMenuBuilder.swift */,
				828CC6240A158B83682E2A30 /* MainSplitViewController.swift */,
				D798A050D3824B4FEA80EA3A /* MainWindowController.swift */,
				196C649521C73E076101AF6E /* NotificationBellButton.swift */,
				CA12DE19711C76D4DAF36509 /* NotificationDropdownPanel.swift */,
				86FAF41DBA8B11C7DD568780 /* OnboardingController.swift */,
				93B6EE4051D1702BE7F6D1AC /* Phase67UI.swift */,
				E87D766FA02E02860C0BAC11 /* PrefixKeymap.swift */,
				C91C2E3C2A8847B6A0514123 /* StatusLineView.swift */,
				FB39A88BC9BC722B53472CB4 /* TerminalTabBarView.swift */,
				AC4C4E4331C8177B281FBD72 /* Toast.swift */,
				529595B70272EEEC10AF08E4 /* WindowBlur.swift */,
			);
			path = UI;
			sourceTree = "<group>";
		};
		193B0E9428294FFFD3B9548E /* Apps */ = {
			isa = PBXGroup;
			children = (
				B2B4FA341AF2BD385E994EEE /* Harness */,
			);
			path = Apps;
			sourceTree = "<group>";
		};
		25E405A74981FF65A6262D70 /* Sources */ = {
			isa = PBXGroup;
			children = (
				D523BF81AB7F79EE557356AC /* HarnessApp */,
			);
			path = Sources;
			sourceTree = "<group>";
		};
		345A279F96D9E2F0ABB94E30 /* HarnessCLI */ = {
			isa = PBXGroup;
			children = (
				76AA397BE8008BA4CC92865F /* AgentHookInstaller.swift */,
				DF3E79EFC3E74BAE469D8CA0 /* AttachClient.swift */,
				98CBE789A0C0F314695D5D97 /* ControlModeClient.swift */,
				41B78BE3F3AF6A844038EF95 /* HarnessCLI.swift */,
				810B898B2D70CB86701434A2 /* WindowAttachClient.swift */,
			);
			path = HarnessCLI;
			sourceTree = "<group>";
		};
		3708609F1510C2FE945FA367 /* Resources */ = {
			isa = PBXGroup;
			children = (
				79A1AD65F04E24EFEC4E4AC7 /* Info.plist */,
			);
			path = Resources;
			sourceTree = "<group>";
		};
		3E4CD8E951AA606D0FB7B082 /* Sources */ = {
			isa = PBXGroup;
			children = (
				9F8F5F769FEFC3B40FE9040F /* HarnessDaemon */,
				0715F402F220DE76F1AE98ED /* HarnessDaemonMain */,
			);
			path = Sources;
			sourceTree = "<group>";
		};
		5803B41021B8D17483A66B13 /* Tests */ = {
			isa = PBXGroup;
			children = (
				F9B2F488D100B0AA381773FB /* HarnessCoreTests */,
				E7ABB35310FF8A182BFC3E06 /* HarnessDaemonTests */,
				E098A06D18BBDC51D8B5267D /* HarnessTerminalKitTests */,
			);
			path = Tests;
			sourceTree = "<group>";
		};
		5A46B0D24AB7DF64B93F488B = {
			isa = PBXGroup;
			children = (
				193B0E9428294FFFD3B9548E /* Apps */,
				F2461AF6DDAAD80A1FA23C08 /* Packages */,
				5803B41021B8D17483A66B13 /* Tests */,
				B81198E7811978886B47AB01 /* Tools */,
				8B9F84DC775F556DAE85C788 /* Products */,
			);
			sourceTree = "<group>";
		};
		8B9F84DC775F556DAE85C788 /* Products */ = {
			isa = PBXGroup;
			children = (
				C68624531DAE21EAC9C8BA95 /* harness-cli */,
				D3E473950CF7C898DE998767 /* Harness.app */,
				F65E988F7DC60DB925F1D00E /* HarnessCoreTests.xctest */,
				96666DF423052B344FF603A4 /* HarnessDaemon */,
				02041E627641793E108CE8CF /* HarnessDaemonTests.xctest */,
				5D03D1B79D7AB24A7C1F5761 /* HarnessTerminalKitTests.xctest */,
				DC8B874CE39031F096488994 /* libHarnessDaemonCore.a */,
			);
			name = Products;
			sourceTree = "<group>";
		};
		9F8F5F769FEFC3B40FE9040F /* HarnessDaemon */ = {
			isa = PBXGroup;
			children = (
				3AF4631CE23460A1A0A4BEC4 /* AgentScanner.swift */,
				90D14213F469AF001702450A /* DaemonCommandExecutor.swift */,
				5122A39E062976C92BBDDDB2 /* DaemonServer.swift */,
				F43DED9291885610DB352103 /* RealPty.swift */,
				B7118759DA679A27E5A64BDB /* SurfaceRegistry.swift */,
			);
			path = HarnessDaemon;
			sourceTree = "<group>";
		};
		B2B4FA341AF2BD385E994EEE /* Harness */ = {
			isa = PBXGroup;
			children = (
				CB4A0303F912E74F82A4FB19 /* Resources */,
				25E405A74981FF65A6262D70 /* Sources */,
			);
			path = Harness;
			sourceTree = "<group>";
		};
		B81198E7811978886B47AB01 /* Tools */ = {
			isa = PBXGroup;
			children = (
				132598AA132E845434EFA1B9 /* harness */,
			);
			path = Tools;
			sourceTree = "<group>";
		};
		BB430ACB3F7993E5C6398DC7 /* Settings */ = {
			isa = PBXGroup;
			children = (
				41D469BFCF05F3CDA66D3777 /* KeyRecorderView.swift */,
				9B3B01CAD90CA7510C90EB3F /* LiveTerminalPreview.swift */,
				B3795E2DEFD632939D5189F1 /* SettingsViewController.swift */,
			);
			path = Settings;
			sourceTree = "<group>";
		};
		CB4A0303F912E74F82A4FB19 /* Resources */ = {
			isa = PBXGroup;
			children = (
				D745FE112DC4440236DABA22 /* Assets.xcassets */,
				9CBF9C616141AB5AFCF041D6 /* Harness.icns */,
			);
			path = Resources;
			sourceTree = "<group>";
		};
		D523BF81AB7F79EE557356AC /* HarnessApp */ = {
			isa = PBXGroup;
			children = (
				9FCE87BB453E378818ABDD29 /* AppDelegate.swift */,
				5B7B1A021E55C4A6011748BE /* main.swift */,
				3708609F1510C2FE945FA367 /* Resources */,
				E7A1825B77C796490EBA99E3 /* Services */,
				BB430ACB3F7993E5C6398DC7 /* Settings */,
				1626DE9F33DAE4E7F7E80297 /* UI */,
			);
			path = HarnessApp;
			sourceTree = "<group>";
		};
		E098A06D18BBDC51D8B5267D /* HarnessTerminalKitTests */ = {
			isa = PBXGroup;
			children = (
				B90CB5DF66664CE2A95C323F /* GridCompositorTests.swift */,
			);
			path = HarnessTerminalKitTests;
			sourceTree = "<group>";
		};
		E7A1825B77C796490EBA99E3 /* Services */ = {
			isa = PBXGroup;
			children = (
				5A9C10A4B52FB83548EAC0F3 /* CLIInstaller.swift */,
				2025ED6B78DAA6996707D2F7 /* DaemonLauncher.swift */,
				BE0A2339E287BD3F748E3103 /* KeybindingsService.swift */,
				C0BE46A5684BB96C3AA6A5B7 /* MainExecutor.swift */,
				B8A2D8F06287D6DB6C5606FE /* SessionCoordinator.swift */,
				80A0FAADD0C7DE4496F9A776 /* SurfaceShellTracker.swift */,
				80A91E1D93736399B7C16CA5 /* TerminalPaneRegistry.swift */,
				57E7B54FEAA7751D104044B8 /* TerminalPaneRegistryAccess.swift */,
			);
			path = Services;
			sourceTree = "<group>";
		};
		E7ABB35310FF8A182BFC3E06 /* HarnessDaemonTests */ = {
			isa = PBXGroup;
			children = (
				7CF685349756C2A772058EB5 /* DaemonRoundTripTests.swift */,
				5074E518A70BAD1B635A6B0A /* HookFiringTests.swift */,
				7143B9A4AFB1E19A4836A27B /* RealPtyLifecycleTests.swift */,
				E8302E3F990CA380E0BEBB7A /* ShellLaunchProfileTests.swift */,
				A51ECCD77E8E2A9F4EC74E1C /* SurfaceRegistryTests.swift */,
				F07A9707ED8F9BC6D22C1973 /* TestSupport.swift */,
			);
			path = HarnessDaemonTests;
			sourceTree = "<group>";
		};
		F2461AF6DDAAD80A1FA23C08 /* Packages */ = {
			isa = PBXGroup;
			children = (
				6073446BC56474B4DF0797FB /* harness-cli */,
				110A2B44B81DF76896EEF5AD /* HarnessDaemon */,
			);
			path = Packages;
			sourceTree = "<group>";
		};
		F9B2F488D100B0AA381773FB /* HarnessCoreTests */ = {
			isa = PBXGroup;
			children = (
				AA141FB5D0A682E459A41536 /* AgentDetectorTests.swift */,
				036B746E8E08D842C7E96A4F /* CommandIPCTranslatorTests.swift */,
				F020335A72A6E59565B2702A /* CommandParserTests.swift */,
				95E00597E6EFB295BF2C5F30 /* DaemonClientTests.swift */,
				8986DFF2824FC1BCF050FB78 /* EnvironmentStoreTests.swift */,
				ED3F10448010DA860EE4CF70 /* FormatStringTests.swift */,
				F80D994CF018DFCF5AD804CA /* HarnessPathsTests.swift */,
				33CC50B5E96F7A36C8B559D0 /* HarnessSettingsTests.swift */,
				C695B1C26A7FA88933015EA9 /* IPCCodecTests.swift */,
				42A46C9D61AB68EF00510185 /* KeyTableTests.swift */,
				1879413866654EAF88523A14 /* KeyTokenParserTests.swift */,
				FF40CE61E1B2BA4AB5600378 /* LaunchAgentInstallerTests.swift */,
				ECE940990023268131E49D65 /* PaneRectSolverTests.swift */,
				F913A1FD23783BAACAB189B6 /* PasteBufferStoreTests.swift */,
				0711E05B3BE71410054E6BEE /* Phase67Tests.swift */,
				29418A46AB7F4FBE7BF700DF /* SessionEditorPhase4Tests.swift */,
				C98251A71A00B4D1AAD8859A /* SessionEditorTests.swift */,
				275F951E6B2787DECD0F1C56 /* TerminalConfigImporterTests.swift */,
			);
			path = HarnessCoreTests;
			sourceTree = "<group>";
		};
/* End PBXGroup section */

/* Begin PBXNativeTarget section */
		352C8E0B8D989854A1ABDC85 /* HarnessTerminalKitTests */ = {
			isa = PBXNativeTarget;
			buildConfigurationList = 7645730B5920584ED38E1EED /* Build configuration list for PBXNativeTarget "HarnessTerminalKitTests" */;
			buildPhases = (
				5BBC66D761D300006B128E6D /* Sources */,
				A763B29333B7AC59D408DA94 /* Frameworks */,
			);
			buildRules = (
			);
			dependencies = (
			);
			name = HarnessTerminalKitTests;
			packageProductDependencies = (
				F84CE2E92D80B7A9BDA443D8 /* HarnessCore */,
				521BDAE274E325FC8B75908C /* HarnessTerminalEngine */,
				0C48BB6BE591F289927C480C /* HarnessTerminalKit */,
				054C9F52E5E9B321AD3CFF2B /* HarnessTheme */,
			);
			productName = HarnessTerminalKitTests;
			productReference = 5D03D1B79D7AB24A7C1F5761 /* HarnessTerminalKitTests.xctest */;
			productType = "com.apple.product-type.bundle.unit-test";
		};
		4214C123697823C4FC5E5AB3 /* HarnessDaemonCore */ = {
			isa = PBXNativeTarget;
			buildConfigurationList = DDD881088A04428280CB7D5F /* Build configuration list for PBXNativeTarget "HarnessDaemonCore" */;
			buildPhases = (
				DE417A49AEEA7204251FF9C3 /* Sources */,
			);
			buildRules = (
			);
			dependencies = (
				2D148EC28FADEE9007754A0F /* PBXTargetDependency */,
			);
			name = HarnessDaemonCore;
			packageProductDependencies = (
				108257444709C29ADD5F0477 /* HarnessCore */,
			);
			productName = HarnessDaemonCore;
			productReference = DC8B874CE39031F096488994 /* libHarnessDaemonCore.a */;
			productType = "com.apple.product-type.library.static";
		};
		5066DE38A62071AAD8BA8A9A /* HarnessDaemonTests */ = {
			isa = PBXNativeTarget;
			buildConfigurationList = 5500C6D6B863C78B439C80DF /* Build configuration list for PBXNativeTarget "HarnessDaemonTests" */;
			buildPhases = (
				507CF2BE1B27882537CACAEF /* Sources */,
				A6E5B359BDD071A86F1A851D /* Frameworks */,
			);
			buildRules = (
			);
			dependencies = (
				A0B8751809D90130E3BF3329 /* PBXTargetDependency */,
			);
			name = HarnessDaemonTests;
			packageProductDependencies = (
				32902CD2E68758B2D54419A3 /* HarnessCore */,
			);
			productName = HarnessDaemonTests;
			productReference = 02041E627641793E108CE8CF /* HarnessDaemonTests.xctest */;
			productType = "com.apple.product-type.bundle.unit-test";
		};
		9515B8E3BA6F25B8EF9E7918 /* HarnessCoreTests */ = {
			isa = PBXNativeTarget;
			buildConfigurationList = 8BF0FD5792D92AA3FD6CD25A /* Build configuration list for PBXNativeTarget "HarnessCoreTests" */;
			buildPhases = (
				F5C73CD2B3379A1DB019072D /* Sources */,
				0E7D88B91EFDBB3ADC6C5929 /* Frameworks */,
			);
			buildRules = (
			);
			dependencies = (
			);
			name = HarnessCoreTests;
			packageProductDependencies = (
				66F38C2DC62795B61205FDE7 /* HarnessCore */,
			);
			productName = HarnessCoreTests;
			productReference = F65E988F7DC60DB925F1D00E /* HarnessCoreTests.xctest */;
			productType = "com.apple.product-type.bundle.unit-test";
		};
		9CAE8F41437D5C28E2B50B85 /* Harness */ = {
			isa = PBXNativeTarget;
			buildConfigurationList = C6F05FE989F73732C255F5CA /* Build configuration list for PBXNativeTarget "Harness" */;
			buildPhases = (
				093CFC9C0B64433157F91DE8 /* Sources */,
				8FEB3F608FCC41A1DC444FC3 /* Resources */,
				CD0891400EC7CA3E7DCB88CF /* Frameworks */,
				331F9F0694CD9C8473F1B19B /* Copy Bundled Tools */,
			);
			buildRules = (
			);
			dependencies = (
				24998436F0C39A648A99F9F1 /* PBXTargetDependency */,
				6A1087006A3633A71447C42A /* PBXTargetDependency */,
			);
			name = Harness;
			packageProductDependencies = (
				8A750F2173FD4FFF51B03D72 /* HarnessCore */,
				80A7F3466CEB9D469FDED468 /* HarnessTerminalKit */,
				95F708A1BFDB3CBC190CFCD9 /* HarnessTheme */,
			);
			productName = Harness;
			productReference = D3E473950CF7C898DE998767 /* Harness.app */;
			productType = "com.apple.product-type.application";
		};
		A4D21E44C70DD15E3B8B4194 /* HarnessDaemon */ = {
			isa = PBXNativeTarget;
			buildConfigurationList = 88C390D74EC4CBE48D90E0AB /* Build configuration list for PBXNativeTarget "HarnessDaemon" */;
			buildPhases = (
				0E70A5F1415713E8EA75E8C7 /* Sources */,
				2776770EC48BF8BC8A8F325A /* Frameworks */,
			);
			buildRules = (
			);
			dependencies = (
				01BE4935F6B733E6D70F0D2F /* PBXTargetDependency */,
			);
			name = HarnessDaemon;
			packageProductDependencies = (
				15F6BDB0D66F28E216C388F0 /* HarnessCore */,
			);
			productName = HarnessDaemon;
			productReference = 96666DF423052B344FF603A4 /* HarnessDaemon */;
			productType = "com.apple.product-type.tool";
		};
		E313A7ED2B31E72C3B248DB0 /* harness-cli */ = {
			isa = PBXNativeTarget;
			buildConfigurationList = 714858F8575C4822207C8B66 /* Build configuration list for PBXNativeTarget "harness-cli" */;
			buildPhases = (
				D8161384A780896D9071B4A9 /* Sources */,
				9A9B79C5D81BB1CB904B43C1 /* Frameworks */,
			);
			buildRules = (
			);
			dependencies = (
			);
			name = "harness-cli";
			packageProductDependencies = (
				F628D4A8E3A428009E22A230 /* HarnessCore */,
				71AA2E606C228A77FE9CB2A7 /* HarnessTerminalEngine */,
				14F7B23ECA44355A7D38F50E /* HarnessTerminalKit */,
			);
			productName = "harness-cli";
			productReference = C68624531DAE21EAC9C8BA95 /* harness-cli */;
			productType = "com.apple.product-type.tool";
		};
/* End PBXNativeTarget section */

/* Begin PBXProject section */
		632666F4A8537121A1E942DC /* Project object */ = {
			isa = PBXProject;
			attributes = {
				BuildIndependentTargetsInParallel = YES;
				LastUpgradeCheck = 1430;
				TargetAttributes = {
				};
			};
			buildConfigurationList = EFDC44680DE6372609389CE8 /* Build configuration list for PBXProject "Harness" */;
			developmentRegion = en;
			hasScannedForEncodings = 0;
			knownRegions = (
				Base,
				en,
			);
			mainGroup = 5A46B0D24AB7DF64B93F488B;
			minimizedProjectReferenceProxies = 1;
			packageReferences = (
				85EE5EFBDA5821241B2BEEEE /* XCLocalSwiftPackageReference "." */,
			);
			preferredProjectObjectVersion = 77;
			productRefGroup = 8B9F84DC775F556DAE85C788 /* Products */;
			projectDirPath = "";
			projectRoot = "";
			targets = (
				9CAE8F41437D5C28E2B50B85 /* Harness */,
				9515B8E3BA6F25B8EF9E7918 /* HarnessCoreTests */,
				A4D21E44C70DD15E3B8B4194 /* HarnessDaemon */,
				4214C123697823C4FC5E5AB3 /* HarnessDaemonCore */,
				5066DE38A62071AAD8BA8A9A /* HarnessDaemonTests */,
				352C8E0B8D989854A1ABDC85 /* HarnessTerminalKitTests */,
				E313A7ED2B31E72C3B248DB0 /* harness-cli */,
			);
		};
/* End PBXProject section */

/* Begin PBXResourcesBuildPhase section */
		8FEB3F608FCC41A1DC444FC3 /* Resources */ = {
			isa = PBXResourcesBuildPhase;
			buildActionMask = 2147483647;
			files = (
				935E07FA27015FDA59C248B3 /* Assets.xcassets in Resources */,
				8C00D38E0430620212133366 /* Harness.icns in Resources */,
			);
			runOnlyForDeploymentPostprocessing = 0;
		};
/* End PBXResourcesBuildPhase section */

/* Begin PBXShellScriptBuildPhase section */
		331F9F0694CD9C8473F1B19B /* Copy Bundled Tools */ = {
			isa = PBXShellScriptBuildPhase;
			buildActionMask = 2147483647;
			files = (
			);
			inputFileListPaths = (
			);
			inputPaths = (
				"$(BUILT_PRODUCTS_DIR)/HarnessDaemon",
				"$(BUILT_PRODUCTS_DIR)/harness-cli",
			);
			name = "Copy Bundled Tools";
			outputFileListPaths = (
			);
			outputPaths = (
				"$(TARGET_BUILD_DIR)/$(EXECUTABLE_FOLDER_PATH)/HarnessDaemon",
				"$(TARGET_BUILD_DIR)/$(EXECUTABLE_FOLDER_PATH)/harness-cli",
			);
			runOnlyForDeploymentPostprocessing = 0;
			shellPath = /bin/sh;
			shellScript = "set -euo pipefail\nmkdir -p \"$TARGET_BUILD_DIR/$EXECUTABLE_FOLDER_PATH\"\ncp \"$BUILT_PRODUCTS_DIR/HarnessDaemon\" \"$TARGET_BUILD_DIR/$EXECUTABLE_FOLDER_PATH/HarnessDaemon\"\ncp \"$BUILT_PRODUCTS_DIR/harness-cli\" \"$TARGET_BUILD_DIR/$EXECUTABLE_FOLDER_PATH/harness-cli\"\n";
		};
/* End PBXShellScriptBuildPhase section */

/* Begin PBXSourcesBuildPhase section */
		093CFC9C0B64433157F91DE8 /* Sources */ = {
			isa = PBXSourcesBuildPhase;
			buildActionMask = 2147483647;
			files = (
				96B5B80B9642C56442FC024D /* AboutPanelController.swift in Sources */,
				4562647C37E383D4146761CE /* AppDelegate.swift in Sources */,
				D45EFB29397B90EF2E46C35D /* CLIInstaller.swift in Sources */,
				91572F33CB49E6A8D9B8E691 /* CommandPaletteController.swift in Sources */,
				69E1E0B522D02B059CFE5F6A /* CommandPromptController.swift in Sources */,
				AC246DC4CD09B78E19D44A55 /* ContentAreaViewController.swift in Sources */,
				F401E3145C5FA51DCA252ADC /* CopyModeViewController.swift in Sources */,
				084B9F215A3A2B1600D90FDE /* DaemonLauncher.swift in Sources */,
				2A3B080F4B0F44733627AD4D /* DisplayPanesOverlay.swift in Sources */,
				24D64B6C7D5B7E0AA33F103B /* HarnessChrome.swift in Sources */,
				7C73D9D9871DAC99CFB2B93B /* HarnessDesign.swift in Sources */,
				867C6FE3318AD28393C808F4 /* HarnessSidebarPanelViewController.swift in Sources */,
				A51A188E5E8ECAED8981811C /* KeyRecorderView.swift in Sources */,
				41E1858FBC7BF6CBB35D113B /* KeybindingsService.swift in Sources */,
				804A3771A3076AB070A9AD0E /* LiveTerminalPreview.swift in Sources */,
				462BFDEBB8E6FFEFF10D6894 /* MainExecutor.swift in Sources */,
				A284F16041A5DCFDB4AD94F4 /* MainMenuBuilder.swift in Sources */,
				65F2B3A9B42810F01F1D7E85 /* MainSplitViewController.swift in Sources */,
				CD1734C04213D881E6A943EA /* MainWindowController.swift in Sources */,
				77455A95D1E79921E852B7B0 /* NotificationBellButton.swift in Sources */,
				9D85B25DAE578F41F445768E /* NotificationDropdownPanel.swift in Sources */,
				9C6DEF330BAF774917666A83 /* OnboardingController.swift in Sources */,
				DA2D4A06C95D60F7ECE577C1 /* Phase67UI.swift in Sources */,
				C8D8E22B16FC1B7A15009E29 /* PrefixKeymap.swift in Sources */,
				F63AA674E614B27B234B1ECC /* SessionCoordinator.swift in Sources */,
				4DC7CBA5BF35736A11DC6E09 /* SettingsViewController.swift in Sources */,
				147C1684F38588D94A0677BF /* StatusLineView.swift in Sources */,
				87EB8777EA8043B7752985B8 /* SurfaceShellTracker.swift in Sources */,
				F0CA4861C2391275B78EE407 /* TerminalPaneRegistry.swift in Sources */,
				1DA45B2E56169234852AF361 /* TerminalPaneRegistryAccess.swift in Sources */,
				969DF05AF1093B44B62120CD /* TerminalTabBarView.swift in Sources */,
				9766BBA7CF5BF33018C0B13F /* Toast.swift in Sources */,
				3C7E2A84108B690A43D2E6DB /* WindowBlur.swift in Sources */,
				596F02748B0B7021508AC3EE /* main.swift in Sources */,
			);
			runOnlyForDeploymentPostprocessing = 0;
		};
		0E70A5F1415713E8EA75E8C7 /* Sources */ = {
			isa = PBXSourcesBuildPhase;
			buildActionMask = 2147483647;
			files = (
				C11FABE95034E5FF1967A348 /* main.swift in Sources */,
			);
			runOnlyForDeploymentPostprocessing = 0;
		};
		507CF2BE1B27882537CACAEF /* Sources */ = {
			isa = PBXSourcesBuildPhase;
			buildActionMask = 2147483647;
			files = (
				500DF187BF0BAC34536AD11D /* DaemonRoundTripTests.swift in Sources */,
				3430064804A78854DB6766E5 /* HookFiringTests.swift in Sources */,
				CEB9B54163AB73D20D84FC59 /* RealPtyLifecycleTests.swift in Sources */,
				EF299CDAF4F68357FE3BEC21 /* ShellLaunchProfileTests.swift in Sources */,
				38ED46EBAF81D35F3E683955 /* SurfaceRegistryTests.swift in Sources */,
				1C97FE1CA6848A0A30C9EB2F /* TestSupport.swift in Sources */,
			);
			runOnlyForDeploymentPostprocessing = 0;
		};
		5BBC66D761D300006B128E6D /* Sources */ = {
			isa = PBXSourcesBuildPhase;
			buildActionMask = 2147483647;
			files = (
				2724F1AF55170C3B00C74E93 /* GridCompositorTests.swift in Sources */,
			);
			runOnlyForDeploymentPostprocessing = 0;
		};
		D8161384A780896D9071B4A9 /* Sources */ = {
			isa = PBXSourcesBuildPhase;
			buildActionMask = 2147483647;
			files = (
				58E52895BE5D06F1AE5B3D10 /* AgentHookInstaller.swift in Sources */,
				A1A68DC98F92D08EEE267F72 /* AttachClient.swift in Sources */,
				9C6FEC7B00D967C393085051 /* ControlModeClient.swift in Sources */,
				F51258DADC262CFAFCC9F7AB /* HarnessCLI.swift in Sources */,
				5B0C9250EA8AE2DF9037D1CF /* WindowAttachClient.swift in Sources */,
			);
			runOnlyForDeploymentPostprocessing = 0;
		};
		DE417A49AEEA7204251FF9C3 /* Sources */ = {
			isa = PBXSourcesBuildPhase;
			buildActionMask = 2147483647;
			files = (
				CE5C2E7B22E27C60899113B6 /* AgentScanner.swift in Sources */,
				78ADBD37C91092234B4E70DF /* DaemonCommandExecutor.swift in Sources */,
				076308B3BD278A7808CC9C1C /* DaemonServer.swift in Sources */,
				B21549FEB0B782423E9BC7D8 /* RealPty.swift in Sources */,
				00D9494C7F45C06993EB9966 /* SurfaceRegistry.swift in Sources */,
			);
			runOnlyForDeploymentPostprocessing = 0;
		};
		F5C73CD2B3379A1DB019072D /* Sources */ = {
			isa = PBXSourcesBuildPhase;
			buildActionMask = 2147483647;
			files = (
				7ABFF597375885A493A8B65B /* AgentDetectorTests.swift in Sources */,
				F156745706F96098AB9D185A /* CommandIPCTranslatorTests.swift in Sources */,
				841686680E80EF781F32A7FF /* CommandParserTests.swift in Sources */,
				47102D21BF4044022C7ECC55 /* DaemonClientTests.swift in Sources */,
				999BB245D67A57F9DD1F6F14 /* EnvironmentStoreTests.swift in Sources */,
				1FEC3A2A3D056888051A94A3 /* FormatStringTests.swift in Sources */,
				0D772C0B4881D5E7AC6F42B7 /* HarnessPathsTests.swift in Sources */,
				B1F6ECDB149DB71FFC5E390B /* HarnessSettingsTests.swift in Sources */,
				45E2642BFD60553E6EA324C2 /* IPCCodecTests.swift in Sources */,
				F39A7823485432B3D8A18A7F /* KeyTableTests.swift in Sources */,
				177E543CDFB5245D3B31E7D9 /* KeyTokenParserTests.swift in Sources */,
				FF14076D45F23530910D177B /* LaunchAgentInstallerTests.swift in Sources */,
				920F928297C458ABDBEF88EC /* PaneRectSolverTests.swift in Sources */,
				309D6041940CA5663F7164C9 /* PasteBufferStoreTests.swift in Sources */,
				E90605C2B7F2EDE9C662D9D0 /* Phase67Tests.swift in Sources */,
				EED030532736CB6CEC4FE5BA /* SessionEditorPhase4Tests.swift in Sources */,
				B014F73FB60BD336C0A05CF7 /* SessionEditorTests.swift in Sources */,
				8B1A56978E26C6722A72365F /* TerminalConfigImporterTests.swift in Sources */,
			);
			runOnlyForDeploymentPostprocessing = 0;
		};
/* End PBXSourcesBuildPhase section */

/* Begin PBXTargetDependency section */
		01BE4935F6B733E6D70F0D2F /* PBXTargetDependency */ = {
			isa = PBXTargetDependency;
			target = 4214C123697823C4FC5E5AB3 /* HarnessDaemonCore */;
			targetProxy = 72B403AB379BC5750E53DB2D /* PBXContainerItemProxy */;
		};
		24998436F0C39A648A99F9F1 /* PBXTargetDependency */ = {
			isa = PBXTargetDependency;
			target = A4D21E44C70DD15E3B8B4194 /* HarnessDaemon */;
			targetProxy = 4B23C9B6A5B2DA2CEFBFF051 /* PBXContainerItemProxy */;
		};
		2D148EC28FADEE9007754A0F /* PBXTargetDependency */ = {
			isa = PBXTargetDependency;
			productRef = 108257444709C29ADD5F0477 /* HarnessCore */;
		};
		6A1087006A3633A71447C42A /* PBXTargetDependency */ = {
			isa = PBXTargetDependency;
			target = E313A7ED2B31E72C3B248DB0 /* harness-cli */;
			targetProxy = 8B4872215995DCB0862CC672 /* PBXContainerItemProxy */;
		};
		A0B8751809D90130E3BF3329 /* PBXTargetDependency */ = {
			isa = PBXTargetDependency;
			target = 4214C123697823C4FC5E5AB3 /* HarnessDaemonCore */;
			targetProxy = 25CD4238161DC7587B217954 /* PBXContainerItemProxy */;
		};
/* End PBXTargetDependency section */

/* Begin XCBuildConfiguration section */
		00161B2124105ABEE5A07AE7 /* Release */ = {
			isa = XCBuildConfiguration;
			buildSettings = {
				COMBINE_HIDPI_IMAGES = YES;
				DEFINES_MODULE = NO;
				LD_RUNPATH_SEARCH_PATHS = (
					"$(inherited)",
					"@executable_path/../Frameworks",
				);
				MACOSX_DEPLOYMENT_TARGET = 14.0;
				PRODUCT_BUNDLE_IDENTIFIER = com.robert.HarnessDaemonCore;
				SDKROOT = macosx;
				SKIP_INSTALL = YES;
				SWIFT_INSTALL_OBJC_HEADER = NO;
				SWIFT_VERSION = 6.0;
			};
			name = Release;
		};
		03451A5A8D9F40D43242C143 /* Debug */ = {
			isa = XCBuildConfiguration;
			buildSettings = {
				BUNDLE_LOADER = "$(TEST_HOST)";
				COMBINE_HIDPI_IMAGES = YES;
				GENERATE_INFOPLIST_FILE = YES;
				LD_RUNPATH_SEARCH_PATHS = (
					"$(inherited)",
					"@executable_path/../Frameworks",
					"@loader_path/../Frameworks",
				);
				MACOSX_DEPLOYMENT_TARGET = 14.0;
				PRODUCT_BUNDLE_IDENTIFIER = com.robert.harness.HarnessTerminalKitTests;
				SDKROOT = macosx;
				SWIFT_VERSION = 6.0;
			};
			name = Debug;
		};
		0DCDD2757713E21B86B61007 /* Debug */ = {
			isa = XCBuildConfiguration;
			buildSettings = {
				COMBINE_HIDPI_IMAGES = YES;
				LD_RUNPATH_SEARCH_PATHS = (
					"$(inherited)",
					"@executable_path/../Frameworks",
				);
				MACOSX_DEPLOYMENT_TARGET = 14.0;
				OTHER_LDFLAGS = (
					"$(inherited)",
					"-ObjC",
				);
				PRODUCT_BUNDLE_IDENTIFIER = com.robert.harness.daemon;
				PRODUCT_NAME = HarnessDaemon;
				SDKROOT = macosx;
				SWIFT_VERSION = 6.0;
			};
			name = Debug;
		};
		26A7E8C4A6E878110EB346AB /* Debug */ = {
			isa = XCBuildConfiguration;
			buildSettings = {
				ALWAYS_SEARCH_USER_PATHS = NO;
				CLANG_ANALYZER_NONNULL = YES;
				CLANG_ANALYZER_NUMBER_OBJECT_CONVERSION = YES_AGGRESSIVE;
				CLANG_CXX_LANGUAGE_STANDARD = "gnu++14";
				CLANG_CXX_LIBRARY = "libc++";
				CLANG_ENABLE_MODULES = YES;
				CLANG_ENABLE_OBJC_ARC = YES;
				CLANG_ENABLE_OBJC_WEAK = YES;
				CLANG_WARN_BLOCK_CAPTURE_AUTORELEASING = YES;
				CLANG_WARN_BOOL_CONVERSION = YES;
				CLANG_WARN_COMMA = YES;
				CLANG_WARN_CONSTANT_CONVERSION = YES;
				CLANG_WARN_DEPRECATED_OBJC_IMPLEMENTATIONS = YES;
				CLANG_WARN_DIRECT_OBJC_ISA_USAGE = YES_ERROR;
				CLANG_WARN_DOCUMENTATION_COMMENTS = YES;
				CLANG_WARN_EMPTY_BODY = YES;
				CLANG_WARN_ENUM_CONVERSION = YES;
				CLANG_WARN_INFINITE_RECURSION = YES;
				CLANG_WARN_INT_CONVERSION = YES;
				CLANG_WARN_NON_LITERAL_NULL_CONVERSION = YES;
				CLANG_WARN_OBJC_IMPLICIT_RETAIN_SELF = YES;
				CLANG_WARN_OBJC_LITERAL_CONVERSION = YES;
				CLANG_WARN_OBJC_ROOT_CLASS = YES_ERROR;
				CLANG_WARN_QUOTED_INCLUDE_IN_FRAMEWORK_HEADER = YES;
				CLANG_WARN_RANGE_LOOP_ANALYSIS = YES;
				CLANG_WARN_STRICT_PROTOTYPES = YES;
				CLANG_WARN_SUSPICIOUS_MOVE = YES;
				CLANG_WARN_UNGUARDED_AVAILABILITY = YES_AGGRESSIVE;
				CLANG_WARN_UNREACHABLE_CODE = YES;
				CLANG_WARN__DUPLICATE_METHOD_MATCH = YES;
				COPY_PHASE_STRIP = NO;
				DEBUG_INFORMATION_FORMAT = dwarf;
				ENABLE_APPINTENTS_DEPLOYMENT_AWARE_PROCESSING = NO;
				ENABLE_STRICT_OBJC_MSGSEND = YES;
				ENABLE_TESTABILITY = YES;
				GCC_C_LANGUAGE_STANDARD = gnu11;
				GCC_DYNAMIC_NO_PIC = NO;
				GCC_NO_COMMON_BLOCKS = YES;
				GCC_OPTIMIZATION_LEVEL = 0;
				GCC_PREPROCESSOR_DEFINITIONS = (
					"$(inherited)",
					"DEBUG=1",
				);
				GCC_WARN_64_TO_32_BIT_CONVERSION = YES;
				GCC_WARN_ABOUT_RETURN_TYPE = YES_ERROR;
				GCC_WARN_UNDECLARED_SELECTOR = YES;
				GCC_WARN_UNINITIALIZED_AUTOS = YES_AGGRESSIVE;
				GCC_WARN_UNUSED_FUNCTION = YES;
				GCC_WARN_UNUSED_VARIABLE = YES;
				LM_ENABLE_LINK_GENERATION = NO;
				LM_FILTER_WARNINGS = YES;
				MACOSX_DEPLOYMENT_TARGET = 14.0;
				MTL_ENABLE_DEBUG_INFO = INCLUDE_SOURCE;
				MTL_FAST_MATH = YES;
				ONLY_ACTIVE_ARCH = YES;
				PRODUCT_NAME = "$(TARGET_NAME)";
				SDKROOT = macosx;
				SWIFT_ACTIVE_COMPILATION_CONDITIONS = DEBUG;
				SWIFT_OPTIMIZATION_LEVEL = "-Onone";
				SWIFT_VERSION = 5.0;
			};
			name = Debug;
		};
		2D31043F93277CBE4D5884DF /* Release */ = {
			isa = XCBuildConfiguration;
			buildSettings = {
				BUNDLE_LOADER = "$(TEST_HOST)";
				COMBINE_HIDPI_IMAGES = YES;
				GENERATE_INFOPLIST_FILE = YES;
				LD_RUNPATH_SEARCH_PATHS = (
					"$(inherited)",
					"@executable_path/../Frameworks",
					"@loader_path/../Frameworks",
				);
				MACOSX_DEPLOYMENT_TARGET = 14.0;
				OTHER_LDFLAGS = (
					"$(inherited)",
					"-ObjC",
				);
				PRODUCT_BUNDLE_IDENTIFIER = com.robert.harness.HarnessDaemonTests;
				SDKROOT = macosx;
				SWIFT_VERSION = 6.0;
			};
			name = Release;
		};
		3801847D37DBC7ABC9DE5931 /* Release */ = {
			isa = XCBuildConfiguration;
			buildSettings = {
				ASSETCATALOG_COMPILER_APPICON_NAME = AppIcon;
				CODE_SIGN_ENTITLEMENTS = Harness.entitlements;
				COMBINE_HIDPI_IMAGES = YES;
				INFOPLIST_FILE = Apps/Harness/Sources/HarnessApp/Resources/Info.plist;
				LD_RUNPATH_SEARCH_PATHS = (
					"$(inherited)",
					"@executable_path/../Frameworks",
				);
				MACOSX_DEPLOYMENT_TARGET = 14.0;
				PRODUCT_BUNDLE_IDENTIFIER = com.robert.harness;
				SDKROOT = macosx;
				SWIFT_VERSION = 6.0;
			};
			name = Release;
		};
		4B537EDEA2B85E1E1AA59D42 /* Release */ = {
			isa = XCBuildConfiguration;
			buildSettings = {
				COMBINE_HIDPI_IMAGES = YES;
				LD_RUNPATH_SEARCH_PATHS = (
					"$(inherited)",
					"@executable_path/../Frameworks",
				);
				MACOSX_DEPLOYMENT_TARGET = 14.0;
				PRODUCT_BUNDLE_IDENTIFIER = com.robert.harness.cli;
				PRODUCT_NAME = "harness-cli";
				SDKROOT = macosx;
				SWIFT_VERSION = 6.0;
			};
			name = Release;
		};
		4DCA2C18AEAB6F094A5D396E /* Debug */ = {
			isa = XCBuildConfiguration;
			buildSettings = {
				BUNDLE_LOADER = "$(TEST_HOST)";
				COMBINE_HIDPI_IMAGES = YES;
				GENERATE_INFOPLIST_FILE = YES;
				LD_RUNPATH_SEARCH_PATHS = (
					"$(inherited)",
					"@executable_path/../Frameworks",
					"@loader_path/../Frameworks",
				);
				MACOSX_DEPLOYMENT_TARGET = 14.0;
				OTHER_LDFLAGS = (
					"$(inherited)",
					"-ObjC",
				);
				PRODUCT_BUNDLE_IDENTIFIER = com.robert.harness.HarnessDaemonTests;
				SDKROOT = macosx;
				SWIFT_VERSION = 6.0;
			};
			name = Debug;
		};
		54FE562D4F8C16289A984A28 /* Release */ = {
			isa = XCBuildConfiguration;
			buildSettings = {
				BUNDLE_LOADER = "$(TEST_HOST)";
				COMBINE_HIDPI_IMAGES = YES;
				GENERATE_INFOPLIST_FILE = YES;
				LD_RUNPATH_SEARCH_PATHS = (
					"$(inherited)",
					"@executable_path/../Frameworks",
					"@loader_path/../Frameworks",
				);
				MACOSX_DEPLOYMENT_TARGET = 14.0;
				PRODUCT_BUNDLE_IDENTIFIER = com.robert.harness.HarnessTerminalKitTests;
				SDKROOT = macosx;
				SWIFT_VERSION = 6.0;
			};
			name = Release;
		};
		752F346FDA87A44FCC963E62 /* Debug */ = {
			isa = XCBuildConfiguration;
			buildSettings = {
				COMBINE_HIDPI_IMAGES = YES;
				LD_RUNPATH_SEARCH_PATHS = (
					"$(inherited)",
					"@executable_path/../Frameworks",
				);
				MACOSX_DEPLOYMENT_TARGET = 14.0;
				PRODUCT_BUNDLE_IDENTIFIER = com.robert.harness.cli;
				PRODUCT_NAME = "harness-cli";
				SDKROOT = macosx;
				SWIFT_VERSION = 6.0;
			};
			name = Debug;
		};
		7AA3D3097D69D5B40755E22D /* Debug */ = {
			isa = XCBuildConfiguration;
			buildSettings = {
				BUNDLE_LOADER = "$(TEST_HOST)";
				COMBINE_HIDPI_IMAGES = YES;
				GENERATE_INFOPLIST_FILE = YES;
				LD_RUNPATH_SEARCH_PATHS = (
					"$(inherited)",
					"@executable_path/../Frameworks",
					"@loader_path/../Frameworks",
				);
				MACOSX_DEPLOYMENT_TARGET = 14.0;
				PRODUCT_BUNDLE_IDENTIFIER = com.robert.harness.HarnessCoreTests;
				SDKROOT = macosx;
				SWIFT_VERSION = 6.0;
			};
			name = Debug;
		};
		90A78C862103F245999B6D29 /* Debug */ = {
			isa = XCBuildConfiguration;
			buildSettings = {
				COMBINE_HIDPI_IMAGES = YES;
				DEFINES_MODULE = NO;
				LD_RUNPATH_SEARCH_PATHS = (
					"$(inherited)",
					"@executable_path/../Frameworks",
				);
				MACOSX_DEPLOYMENT_TARGET = 14.0;
				PRODUCT_BUNDLE_IDENTIFIER = com.robert.HarnessDaemonCore;
				SDKROOT = macosx;
				SKIP_INSTALL = YES;
				SWIFT_INSTALL_OBJC_HEADER = NO;
				SWIFT_VERSION = 6.0;
			};
			name = Debug;
		};
		94B92EF382ECB9158B705277 /* Release */ = {
			isa = XCBuildConfiguration;
			buildSettings = {
				ALWAYS_SEARCH_USER_PATHS = NO;
				CLANG_ANALYZER_NONNULL = YES;
				CLANG_ANALYZER_NUMBER_OBJECT_CONVERSION = YES_AGGRESSIVE;
				CLANG_CXX_LANGUAGE_STANDARD = "gnu++14";
				CLANG_CXX_LIBRARY = "libc++";
				CLANG_ENABLE_MODULES = YES;
				CLANG_ENABLE_OBJC_ARC = YES;
				CLANG_ENABLE_OBJC_WEAK = YES;
				CLANG_WARN_BLOCK_CAPTURE_AUTORELEASING = YES;
				CLANG_WARN_BOOL_CONVERSION = YES;
				CLANG_WARN_COMMA = YES;
				CLANG_WARN_CONSTANT_CONVERSION = YES;
				CLANG_WARN_DEPRECATED_OBJC_IMPLEMENTATIONS = YES;
				CLANG_WARN_DIRECT_OBJC_ISA_USAGE = YES_ERROR;
				CLANG_WARN_DOCUMENTATION_COMMENTS = YES;
				CLANG_WARN_EMPTY_BODY = YES;
				CLANG_WARN_ENUM_CONVERSION = YES;
				CLANG_WARN_INFINITE_RECURSION = YES;
				CLANG_WARN_INT_CONVERSION = YES;
				CLANG_WARN_NON_LITERAL_NULL_CONVERSION = YES;
				CLANG_WARN_OBJC_IMPLICIT_RETAIN_SELF = YES;
				CLANG_WARN_OBJC_LITERAL_CONVERSION = YES;
				CLANG_WARN_OBJC_ROOT_CLASS = YES_ERROR;
				CLANG_WARN_QUOTED_INCLUDE_IN_FRAMEWORK_HEADER = YES;
				CLANG_WARN_RANGE_LOOP_ANALYSIS = YES;
				CLANG_WARN_STRICT_PROTOTYPES = YES;
				CLANG_WARN_SUSPICIOUS_MOVE = YES;
				CLANG_WARN_UNGUARDED_AVAILABILITY = YES_AGGRESSIVE;
				CLANG_WARN_UNREACHABLE_CODE = YES;
				CLANG_WARN__DUPLICATE_METHOD_MATCH = YES;
				COPY_PHASE_STRIP = NO;
				DEBUG_INFORMATION_FORMAT = "dwarf-with-dsym";
				ENABLE_APPINTENTS_DEPLOYMENT_AWARE_PROCESSING = NO;
				ENABLE_NS_ASSERTIONS = NO;
				ENABLE_STRICT_OBJC_MSGSEND = YES;
				GCC_C_LANGUAGE_STANDARD = gnu11;
				GCC_NO_COMMON_BLOCKS = YES;
				GCC_WARN_64_TO_32_BIT_CONVERSION = YES;
				GCC_WARN_ABOUT_RETURN_TYPE = YES_ERROR;
				GCC_WARN_UNDECLARED_SELECTOR = YES;
				GCC_WARN_UNINITIALIZED_AUTOS = YES_AGGRESSIVE;
				GCC_WARN_UNUSED_FUNCTION = YES;
				GCC_WARN_UNUSED_VARIABLE = YES;
				LM_ENABLE_LINK_GENERATION = NO;
				LM_FILTER_WARNINGS = YES;
				MACOSX_DEPLOYMENT_TARGET = 14.0;
				MTL_ENABLE_DEBUG_INFO = NO;
				MTL_FAST_MATH = YES;
				PRODUCT_NAME = "$(TARGET_NAME)";
				SDKROOT = macosx;
				SWIFT_COMPILATION_MODE = wholemodule;
				SWIFT_OPTIMIZATION_LEVEL = "-O";
				SWIFT_VERSION = 5.0;
			};
			name = Release;
		};
		A2647DBDA31F06F7EB317652 /* Release */ = {
			isa = XCBuildConfiguration;
			buildSettings = {
				COMBINE_HIDPI_IMAGES = YES;
				LD_RUNPATH_SEARCH_PATHS = (
					"$(inherited)",
					"@executable_path/../Frameworks",
				);
				MACOSX_DEPLOYMENT_TARGET = 14.0;
				OTHER_LDFLAGS = (
					"$(inherited)",
					"-ObjC",
				);
				PRODUCT_BUNDLE_IDENTIFIER = com.robert.harness.daemon;
				PRODUCT_NAME = HarnessDaemon;
				SDKROOT = macosx;
				SWIFT_VERSION = 6.0;
			};
			name = Release;
		};
		A694A26AFD9C264E01D3F604 /* Debug */ = {
			isa = XCBuildConfiguration;
			buildSettings = {
				ASSETCATALOG_COMPILER_APPICON_NAME = AppIcon;
				CODE_SIGN_ENTITLEMENTS = Harness.entitlements;
				COMBINE_HIDPI_IMAGES = YES;
				INFOPLIST_FILE = Apps/Harness/Sources/HarnessApp/Resources/Info.plist;
				LD_RUNPATH_SEARCH_PATHS = (
					"$(inherited)",
					"@executable_path/../Frameworks",
				);
				MACOSX_DEPLOYMENT_TARGET = 14.0;
				PRODUCT_BUNDLE_IDENTIFIER = com.robert.harness;
				SDKROOT = macosx;
				SWIFT_VERSION = 6.0;
			};
			name = Debug;
		};
		BC12D3B8755E513F4CA35197 /* Release */ = {
			isa = XCBuildConfiguration;
			buildSettings = {
				BUNDLE_LOADER = "$(TEST_HOST)";
				COMBINE_HIDPI_IMAGES = YES;
				GENERATE_INFOPLIST_FILE = YES;
				LD_RUNPATH_SEARCH_PATHS = (
					"$(inherited)",
					"@executable_path/../Frameworks",
					"@loader_path/../Frameworks",
				);
				MACOSX_DEPLOYMENT_TARGET = 14.0;
				PRODUCT_BUNDLE_IDENTIFIER = com.robert.harness.HarnessCoreTests;
				SDKROOT = macosx;
				SWIFT_VERSION = 6.0;
			};
			name = Release;
		};
/* End XCBuildConfiguration section */

/* Begin XCConfigurationList section */
		5500C6D6B863C78B439C80DF /* Build configuration list for PBXNativeTarget "HarnessDaemonTests" */ = {
			isa = XCConfigurationList;
			buildConfigurations = (
				4DCA2C18AEAB6F094A5D396E /* Debug */,
				2D31043F93277CBE4D5884DF /* Release */,
			);
			defaultConfigurationIsVisible = 0;
			defaultConfigurationName = Debug;
		};
		714858F8575C4822207C8B66 /* Build configuration list for PBXNativeTarget "harness-cli" */ = {
			isa = XCConfigurationList;
			buildConfigurations = (
				752F346FDA87A44FCC963E62 /* Debug */,
				4B537EDEA2B85E1E1AA59D42 /* Release */,
			);
			defaultConfigurationIsVisible = 0;
			defaultConfigurationName = Debug;
		};
		7645730B5920584ED38E1EED /* Build configuration list for PBXNativeTarget "HarnessTerminalKitTests" */ = {
			isa = XCConfigurationList;
			buildConfigurations = (
				03451A5A8D9F40D43242C143 /* Debug */,
				54FE562D4F8C16289A984A28 /* Release */,
			);
			defaultConfigurationIsVisible = 0;
			defaultConfigurationName = Debug;
		};
		88C390D74EC4CBE48D90E0AB /* Build configuration list for PBXNativeTarget "HarnessDaemon" */ = {
			isa = XCConfigurationList;
			buildConfigurations = (
				0DCDD2757713E21B86B61007 /* Debug */,
				A2647DBDA31F06F7EB317652 /* Release */,
			);
			defaultConfigurationIsVisible = 0;
			defaultConfigurationName = Debug;
		};
		8BF0FD5792D92AA3FD6CD25A /* Build configuration list for PBXNativeTarget "HarnessCoreTests" */ = {
			isa = XCConfigurationList;
			buildConfigurations = (
				7AA3D3097D69D5B40755E22D /* Debug */,
				BC12D3B8755E513F4CA35197 /* Release */,
			);
			defaultConfigurationIsVisible = 0;
			defaultConfigurationName = Debug;
		};
		C6F05FE989F73732C255F5CA /* Build configuration list for PBXNativeTarget "Harness" */ = {
			isa = XCConfigurationList;
			buildConfigurations = (
				A694A26AFD9C264E01D3F604 /* Debug */,
				3801847D37DBC7ABC9DE5931 /* Release */,
			);
			defaultConfigurationIsVisible = 0;
			defaultConfigurationName = Debug;
		};
		DDD881088A04428280CB7D5F /* Build configuration list for PBXNativeTarget "HarnessDaemonCore" */ = {
			isa = XCConfigurationList;
			buildConfigurations = (
				90A78C862103F245999B6D29 /* Debug */,
				00161B2124105ABEE5A07AE7 /* Release */,
			);
			defaultConfigurationIsVisible = 0;
			defaultConfigurationName = Debug;
		};
		EFDC44680DE6372609389CE8 /* Build configuration list for PBXProject "Harness" */ = {
			isa = XCConfigurationList;
			buildConfigurations = (
				26A7E8C4A6E878110EB346AB /* Debug */,
				94B92EF382ECB9158B705277 /* Release */,
			);
			defaultConfigurationIsVisible = 0;
			defaultConfigurationName = Debug;
		};
/* End XCConfigurationList section */

/* Begin XCLocalSwiftPackageReference section */
		85EE5EFBDA5821241B2BEEEE /* XCLocalSwiftPackageReference "." */ = {
			isa = XCLocalSwiftPackageReference;
			relativePath = .;
		};
/* End XCLocalSwiftPackageReference section */

/* Begin XCSwiftPackageProductDependency section */
		054C9F52E5E9B321AD3CFF2B /* HarnessTheme */ = {
			isa = XCSwiftPackageProductDependency;
			productName = HarnessTheme;
		};
		0C48BB6BE591F289927C480C /* HarnessTerminalKit */ = {
			isa = XCSwiftPackageProductDependency;
			productName = HarnessTerminalKit;
		};
		108257444709C29ADD5F0477 /* HarnessCore */ = {
			isa = XCSwiftPackageProductDependency;
			productName = HarnessCore;
		};
		14F7B23ECA44355A7D38F50E /* HarnessTerminalKit */ = {
			isa = XCSwiftPackageProductDependency;
			productName = HarnessTerminalKit;
		};
		15F6BDB0D66F28E216C388F0 /* HarnessCore */ = {
			isa = XCSwiftPackageProductDependency;
			productName = HarnessCore;
		};
		32902CD2E68758B2D54419A3 /* HarnessCore */ = {
			isa = XCSwiftPackageProductDependency;
			productName = HarnessCore;
		};
		521BDAE274E325FC8B75908C /* HarnessTerminalEngine */ = {
			isa = XCSwiftPackageProductDependency;
			productName = HarnessTerminalEngine;
		};
		66F38C2DC62795B61205FDE7 /* HarnessCore */ = {
			isa = XCSwiftPackageProductDependency;
			productName = HarnessCore;
		};
		71AA2E606C228A77FE9CB2A7 /* HarnessTerminalEngine */ = {
			isa = XCSwiftPackageProductDependency;
			productName = HarnessTerminalEngine;
		};
		80A7F3466CEB9D469FDED468 /* HarnessTerminalKit */ = {
			isa = XCSwiftPackageProductDependency;
			productName = HarnessTerminalKit;
		};
		8A750F2173FD4FFF51B03D72 /* HarnessCore */ = {
			isa = XCSwiftPackageProductDependency;
			productName = HarnessCore;
		};
		95F708A1BFDB3CBC190CFCD9 /* HarnessTheme */ = {
			isa = XCSwiftPackageProductDependency;
			productName = HarnessTheme;
		};
		F628D4A8E3A428009E22A230 /* HarnessCore */ = {
			isa = XCSwiftPackageProductDependency;
			productName = HarnessCore;
		};
		F84CE2E92D80B7A9BDA443D8 /* HarnessCore */ = {
			isa = XCSwiftPackageProductDependency;
			productName = HarnessCore;
		};
/* End XCSwiftPackageProductDependency section */
	};
	rootObject = 632666F4A8537121A1E942DC /* Project object */;
}
