{
  "originHash" : "a6c4359eb08d53b5b6b4ad18011767b78b26715e99012c948f670b724995a2e7",
  "pins" : [
    {
      "identity" : "libghostty-spm-fork",
      "kind" : "remoteSourceControl",
      "location" : "https://github.com/robzilla1738/libghostty-spm-fork.git",
      "state" : {
        "revision" : "16f6d4fd91ccc2688a5e7e835506e3b85c65ea2f"
      }
    },
    {
      "identity" : "msdisplaylink",
      "kind" : "remoteSourceControl",
      "location" : "https://github.com/Lakr233/MSDisplayLink.git",
      "state" : {
        "revision" : "1ba3e769b734e456317fa7e45321fa7f53eefb67",
        "version" : "2.1.0"
      }
    }
  ],
  "version" : 3
}
